
Microsoft Visual Studio Solution File, Format Version 12.00
# Visual Studio 2012
Project("{FAE04EC0-301F-11D3-BF4B-00C04F79EFBC}") = "bin2hex", "bin2hex.csproj", "{B01C28E5-5F74-4C18-BC90-36AEDC0D764D}"
EndProject
Global
	GlobalSection(SolutionConfigurationPlatforms) = preSolution
		Debug|Any CPU = Debug|Any CPU
		Release|Any CPU = Release|Any CPU
	EndGlobalSection
	GlobalSection(ProjectConfigurationPlatforms) = postSolution
		{B01C28E5-5F74-4C18-BC90-36AEDC0D764D}.Debug|Any CPU.ActiveCfg = Debug|x86
		{B01C28E5-5F74-4C18-BC90-36AEDC0D764D}.Debug|Any CPU.Build.0 = Debug|x86
		{B01C28E5-5F74-4C18-BC90-36AEDC0D764D}.Release|Any CPU.ActiveCfg = Release|Any CPU
		{B01C28E5-5F74-4C18-BC90-36AEDC0D764D}.Release|Any CPU.Build.0 = Release|Any CPU
	EndGlobalSection
	GlobalSection(SolutionProperties) = preSolution
		HideSolutionNode = FALSE
	EndGlobalSection
EndGlobal
